<?xml version="1.0" encoding="utf-8"?>
<Project ToolsVersion="4.0" xmlns="http://schemas.microsoft.com/developer/msbuild/2003">
  <ItemGroup>
    <Filter Include="Source Files">
      <UniqueIdentifier>{4FC737F1-C7A5-4376-A066-2A32D752A2FF}</UniqueIdentifier>
      <Extensions>cpp;c;cc;cxx;def;odl;idl;hpj;bat;asm;asmx</Extensions>
    </Filter>
    <Filter Include="Header Files">
      <UniqueIdentifier>{93995380-89BD-4b04-88EB-625FBE52EBFB}</UniqueIdentifier>
      <Extensions>h;hpp;hxx;hm;inl;inc;xsd</Extensions>
    </Filter>
    <Filter Include="Resource Files">
      <UniqueIdentifier>{67DA6AB6-F800-4c08-8B7A-83BB121AAD01}</UniqueIdentifier>
      <Extensions>rc;ico;cur;bmp;dlg;rc2;rct;bin;rgs;gif;jpg;jpeg;jpe;resx;tiff;tif;png;wav;mfcribbon-ms</Extensions>
    </Filter>
    <Filter Include="vega">
      <UniqueIdentifier>{492ef28f-4aa2-4e9b-8ed4-17f3f56c7b5a}</UniqueIdentifier>
    </Filter>
    <Filter Include="vega\Math">
      <UniqueIdentifier>{3d6d1fe1-f49a-4388-a10b-a1d93160d079}</UniqueIdentifier>
    </Filter>
    <Filter Include="vega\Render">
      <UniqueIdentifier>{5c399243-9326-4b10-b2a9-7f2a99599213}</UniqueIdentifier>
    </Filter>
    <Filter Include="vega\Common">
      <UniqueIdentifier>{e499e172-c572-4d74-82cb-0ccad0cead15}</UniqueIdentifier>
    </Filter>
    <Filter Include="vega\Data">
      <UniqueIdentifier>{398260bb-29db-4618-b12a-dc39c9f3a3c2}</UniqueIdentifier>
    </Filter>
    <Filter Include="vega\Algorithm">
      <UniqueIdentifier>{c39c73b2-1ee0-411c-aaa7-25e3c2ee2cfc}</UniqueIdentifier>
    </Filter>
    <Filter Include="vega\Algorithm\MST">
      <UniqueIdentifier>{3d605248-d33e-4108-bdc9-eaeff1529fe1}</UniqueIdentifier>
    </Filter>
    <Filter Include="vega\Algorithm\Resample">
      <UniqueIdentifier>{963a2bc3-c767-44d1-99e5-4764e227b9d8}</UniqueIdentifier>
    </Filter>
    <Filter Include="vega\Data\Image">
      <UniqueIdentifier>{ee1a9445-0bbe-4cd2-87d5-99546af3d578}</UniqueIdentifier>
    </Filter>
    <Filter Include="vega\Data\Volume">
      <UniqueIdentifier>{5a63e9fb-6dab-47e4-bc89-afaff5f3258a}</UniqueIdentifier>
    </Filter>
    <Filter Include="vega\Data\Graph">
      <UniqueIdentifier>{3fd8e193-678b-46fc-affb-0f9e9b5c170d}</UniqueIdentifier>
    </Filter>
  </ItemGroup>
  <ItemGroup>
    <None Include="ReadMe.txt" />
  </ItemGroup>
  <ItemGroup>
    <ClInclude Include="..\vega\math\vector3d.h">
      <Filter>vega\Math</Filter>
    </ClInclude>
    <ClInclude Include="..\vega\math\vector4d.h">
      <Filter>vega\Math</Filter>
    </ClInclude>
    <ClInclude Include="..\vega\math\matrix.h">
      <Filter>vega\Math</Filter>
    </ClInclude>
    <ClInclude Include="..\vega\math\common.h">
      <Filter>vega\Math</Filter>
    </ClInclude>
    <ClInclude Include="..\vega\math\vector2d.h">
      <Filter>vega\Math</Filter>
    </ClInclude>
    <ClInclude Include="..\vega\math\transformations.h">
      <Filter>vega\Math</Filter>
    </ClInclude>
    <ClInclude Include="..\vega\common\profiler.h">
      <Filter>vega\Common</Filter>
    </ClInclude>
    <ClInclude Include="..\vega\common\singleton.h">
      <Filter>vega\Common</Filter>
    </ClInclude>
    <ClInclude Include="..\vega\common\types.h">
      <Filter>vega\Common</Filter>
    </ClInclude>
    <ClInclude Include="..\vega\render\camera.h">
      <Filter>vega\Render</Filter>
    </ClInclude>
    <ClInclude Include="..\vega\render\image_view.h">
      <Filter>vega\Render</Filter>
    </ClInclude>
    <ClInclude Include="..\vega\render\common.h">
      <Filter>vega\Render</Filter>
    </ClInclude>
    <ClInclude Include="..\vega\math\plane.h">
      <Filter>vega\Math</Filter>
    </ClInclude>
    <ClInclude Include="..\vega\data\common.h">
      <Filter>vega\Data</Filter>
    </ClInclude>
    <ClInclude Include="..\vega\math\transfer_function.h">
      <Filter>vega\Math</Filter>
    </ClInclude>
    <ClInclude Include="..\vega\render\volume_texture_view.h">
      <Filter>vega\Render</Filter>
    </ClInclude>
    <ClInclude Include="..\vega\render\graph_view.h">
      <Filter>vega\Render</Filter>
    </ClInclude>
    <ClInclude Include="..\vega\algorithm\mst\boruvka.hpp">
      <Filter>vega\Algorithm\MST</Filter>
    </ClInclude>
    <ClInclude Include="..\vega\algorithm\mst\prim.hpp">
      <Filter>vega\Algorithm\MST</Filter>
    </ClInclude>
    <ClInclude Include="..\vega\algorithm\resample\weights_table.h">
      <Filter>vega\Algorithm\Resample</Filter>
    </ClInclude>
    <ClInclude Include="..\vega\algorithm\resample\filters.h">
      <Filter>vega\Algorithm\Resample</Filter>
    </ClInclude>
    <ClInclude Include="..\vega\algorithm\mst\kruskal.hpp">
      <Filter>vega\Algorithm\MST</Filter>
    </ClInclude>
    <ClInclude Include="..\vega\data\bitmap_graph.h">
      <Filter>vega\Data\Image</Filter>
    </ClInclude>
    <ClInclude Include="..\vega\data\image.h">
      <Filter>vega\Data\Image</Filter>
    </ClInclude>
    <ClInclude Include="..\vega\data\resizeable_image.h">
      <Filter>vega\Data\Image</Filter>
    </ClInclude>
    <ClInclude Include="..\vega\data\compact_hexagonal_lattice.h">
      <Filter>vega\Data\Volume</Filter>
    </ClInclude>
    <ClInclude Include="..\vega\data\hexagonal_prismatic_lattice.h">
      <Filter>vega\Data\Volume</Filter>
    </ClInclude>
    <ClInclude Include="..\vega\data\volume.h">
      <Filter>vega\Data\Volume</Filter>
    </ClInclude>
    <ClInclude Include="..\vega\data\volume_graph.h">
      <Filter>vega\Data\Volume</Filter>
    </ClInclude>
    <ClInclude Include="..\vega\data\volume_primitive.h">
      <Filter>vega\Data\Volume</Filter>
    </ClInclude>
    <ClInclude Include="..\vega\data\hexagonal_lattice.h">
      <Filter>vega\Data\Image</Filter>
    </ClInclude>
    <ClInclude Include="..\vega\data\resizeable_volume.h">
      <Filter>vega\Data\Volume</Filter>
    <ClInclude Include="..\vega\common\logger.h">
      <Filter>vega\Common</Filter>
    </ClInclude>
    <ClInclude Include="..\vega\data\graph_traits.hpp">
      <Filter>vega\Data\Graph</Filter>
    </ClInclude>
    <ClInclude Include="..\vega\data\disjoint_sets.hpp">
      <Filter>vega\Data\Graph</Filter>
    </ClInclude>
    <ClInclude Include="..\vega\data\disjoint_threshold_sets.hpp">
      <Filter>vega\Data\Graph</Filter>
    </ClInclude>
    <ClInclude Include="..\vega\data\edge.hpp">
      <Filter>vega\Data\Graph</Filter>
    </ClInclude>
    <ClInclude Include="..\vega\data\graph.hpp">
      <Filter>vega\Data\Graph</Filter>
    </ClInclude>
  </ItemGroup>
  <ItemGroup>
    <ClCompile Include="VisualVega.cpp">
      <Filter>Source Files</Filter>
    </ClCompile>
    <ClCompile Include="..\vega\common\profiler.cpp">
      <Filter>vega\Common</Filter>
    </ClCompile>
    <ClCompile Include="..\vega\render\camera.cpp">
      <Filter>vega\Render</Filter>
    </ClCompile>
    <ClCompile Include="..\vega\render\image_view.cpp">
      <Filter>vega\Render</Filter>
    </ClCompile>
    <ClCompile Include="..\vega\math\transfer_function.cpp">
      <Filter>vega\Math</Filter>
    </ClCompile>
    <ClCompile Include="..\vega\math\transformations.cpp">
      <Filter>vega\Math</Filter>
    </ClCompile>
    <ClCompile Include="..\vega\render\volume_texture_view.cpp">
      <Filter>vega\Render</Filter>
    </ClCompile>
    <ClCompile Include="..\vega\render\graph_view.cpp">
      <Filter>vega\Render</Filter>
    </ClCompile>
    <ClCompile Include="..\vega\algorithm\resample\weights_table.cpp">
      <Filter>vega\Algorithm\Resample</Filter>
    </ClCompile>
    <ClCompile Include="..\vega\data\bitmap_graph.cpp">
      <Filter>vega\Data\Image</Filter>
    </ClCompile>
    <ClCompile Include="..\vega\data\image.cpp">
      <Filter>vega\Data\Image</Filter>
    </ClCompile>
    <ClCompile Include="..\vega\data\resizeable_image.cpp">
      <Filter>vega\Data\Image</Filter>
    </ClCompile>
    <ClCompile Include="..\vega\data\hexagonal_lattice.cpp">
      <Filter>vega\Data\Image</Filter>
    </ClCompile>
    <ClCompile Include="..\vega\data\compact_hexagonal_lattice.cpp">
      <Filter>vega\Data\Volume</Filter>
    </ClCompile>
    <ClCompile Include="..\vega\data\hexagonal_prismatic_lattice.cpp">
      <Filter>vega\Data\Volume</Filter>
    </ClCompile>
    <ClCompile Include="..\vega\data\volume.cpp">
      <Filter>vega\Data\Volume</Filter>
    </ClCompile>
    <ClCompile Include="..\vega\data\volume_graph.cpp">
      <Filter>vega\Data\Volume</Filter>
    </ClCompile>
    <ClCompile Include="..\vega\data\volume_primitive.cpp">
      <Filter>vega\Data\Volume</Filter>
    </ClCompile>
    <ClCompile Include="..\vega\common\logger.cpp">
      <Filter>vega\Common</Filter>
    </ClCompile>
      <Filter>vega\Data\Volume</Filter>
    </ClCompile>
    <ClCompile Include="..\vega\data\resizeable_volume.cpp">
  </ItemGroup>
</Project>